
Microsoft Visual Studio Solution File, Format Version 12.00
# Visual Studio Version 17
VisualStudioVersion = 17.7.34031.279
MinimumVisualStudioVersion = 10.0.40219.1
Project("{9A19103F-16F7-4668-BE54-9A1E7A4F7556}") = "chesboard", "chesboard.csproj", "{CCDF0C0D-0097-46D1-AF91-636F21DA2049}"
EndProject
Project("{FAE04EC0-301F-11D3-BF4B-00C04F79EFBC}") = "TestProject1", "..\TestProject1\TestProject1.csproj", "{34312E40-06BB-4E81-99BF-F94E8E2C9FD0}"
EndProject
Global
	GlobalSection(SolutionConfigurationPlatforms) = preSolution
		Debug|Any CPU = Debug|Any CPU
		Release|Any CPU = Release|Any CPU
	EndGlobalSection
	GlobalSection(ProjectConfigurationPlatforms) = postSolution
		{CCDF0C0D-0097-46D1-AF91-636F21DA2049}.Debug|Any CPU.ActiveCfg = Debug|Any CPU
		{CCDF0C0D-0097-46D1-AF91-636F21DA2049}.Debug|Any CPU.Build.0 = Debug|Any CPU
		{CCDF0C0D-0097-46D1-AF91-636F21DA2049}.Release|Any CPU.ActiveCfg = Release|Any CPU
		{CCDF0C0D-0097-46D1-AF91-636F21DA2049}.Release|Any CPU.Build.0 = Release|Any CPU
		{34312E40-06BB-4E81-99BF-F94E8E2C9FD0}.Debug|Any CPU.ActiveCfg = Debug|Any CPU
		{34312E40-06BB-4E81-99BF-F94E8E2C9FD0}.Debug|Any CPU.Build.0 = Debug|Any CPU
		{34312E40-06BB-4E81-99BF-F94E8E2C9FD0}.Release|Any CPU.ActiveCfg = Release|Any CPU
		{34312E40-06BB-4E81-99BF-F94E8E2C9FD0}.Release|Any CPU.Build.0 = Release|Any CPU
	EndGlobalSection
	GlobalSection(SolutionProperties) = preSolution
		HideSolutionNode = FALSE
	EndGlobalSection
	GlobalSection(ExtensibilityGlobals) = postSolution
		SolutionGuid = {69C1E9FD-84CD-4B73-97A1-27A55DD3D226}
	EndGlobalSection
EndGlobal
